{
  "name": "scan-canary-clean",
  "version": "1.0.0",
  "lockfileVersion": 3,
  "requires": true,
  "packages": {
    "": {
      "name": "scan-canary-clean",
      "version": "1.0.0",
      "license": "Apache-2.0",
      "dependencies": {
        "canary-build-step": "1.0.0",
        "ms": "2.1.3"
      },
      "engines": {
        "node": ">=18"
      }
    },
    "node_modules/canary-build-step": {
      "version": "1.0.0",
      "resolved": "https://registry.npmjs.org/canary-build-step/-/canary-build-step-1.0.0.tgz",
      "integrity": "sha512-xhE3ytyxv+qt7YyvZPAI7586sL4S1yQsX8V+P8ZGIw3xctL8NetfuIgEqqqUeHBIRC1KcoEMZ7uiWs67cgw0aA==",
      "hasInstallScript": true,
      "license": "MIT"
    },
    "node_modules/ms": {
      "version": "2.1.3",
      "resolved": "https://registry.npmjs.org/ms/-/ms-2.1.3.tgz",
      "integrity": "sha512-6FlzubTLZG3J2a/NVCAleEhjzq5oxgHyaCU9yYXvcLsvoVaHJq/s5xXI6/XXP6tz7R9xAOtHnSO/tXtF3WRTlA==",
      "license": "MIT"
    }
  }
}
